
Microsoft Visual Studio Solution File, Format Version 12.00
# Visual Studio for Mac
Project("{FAE04EC0-301F-11D3-BF4B-00C04F79EFBC}") = "ARKitProject.Plugins", "ARKitProject.Plugins.csproj", "{9751A23E-C3A1-5094-B851-46DC5B143354}"
EndProject
Project("{FAE04EC0-301F-11D3-BF4B-00C04F79EFBC}") = "ARKitProject", "ARKitProject.csproj", "{7B479E9B-FFAE-5BA6-AE49-5BE6442EFEAB}"
EndProject
Project("{FAE04EC0-301F-11D3-BF4B-00C04F79EFBC}") = "ARKitProject.Editor.Plugins", "ARKitProject.Editor.Plugins.csproj", "{91509767-E737-01B9-C2BC-402DBF3F1066}"
EndProject
Global
	GlobalSection(SolutionConfigurationPlatforms) = preSolution
		Debug|Any CPU = Debug|Any CPU
		Release|Any CPU = Release|Any CPU
	EndGlobalSection
	GlobalSection(ProjectConfigurationPlatforms) = postSolution
		{9751A23E-C3A1-5094-B851-46DC5B143354}.Debug|Any CPU.ActiveCfg = Debug|Any CPU
		{9751A23E-C3A1-5094-B851-46DC5B143354}.Debug|Any CPU.Build.0 = Debug|Any CPU
		{9751A23E-C3A1-5094-B851-46DC5B143354}.Release|Any CPU.ActiveCfg = Release|Any CPU
		{9751A23E-C3A1-5094-B851-46DC5B143354}.Release|Any CPU.Build.0 = Release|Any CPU
		{7B479E9B-FFAE-5BA6-AE49-5BE6442EFEAB}.Debug|Any CPU.ActiveCfg = Debug|Any CPU
		{7B479E9B-FFAE-5BA6-AE49-5BE6442EFEAB}.Debug|Any CPU.Build.0 = Debug|Any CPU
		{7B479E9B-FFAE-5BA6-AE49-5BE6442EFEAB}.Release|Any CPU.ActiveCfg = Release|Any CPU
		{7B479E9B-FFAE-5BA6-AE49-5BE6442EFEAB}.Release|Any CPU.Build.0 = Release|Any CPU
		{91509767-E737-01B9-C2BC-402DBF3F1066}.Debug|Any CPU.ActiveCfg = Debug|Any CPU
		{91509767-E737-01B9-C2BC-402DBF3F1066}.Debug|Any CPU.Build.0 = Debug|Any CPU
		{91509767-E737-01B9-C2BC-402DBF3F1066}.Release|Any CPU.ActiveCfg = Release|Any CPU
		{91509767-E737-01B9-C2BC-402DBF3F1066}.Release|Any CPU.Build.0 = Release|Any CPU
	EndGlobalSection
	GlobalSection(SolutionProperties) = preSolution
		HideSolutionNode = FALSE
	EndGlobalSection
EndGlobal
